// !$*UTF8*$!
{
	archiveVersion = 1;
	classes = {
	};
	objectVersion = 56;
	objects = {

/* Begin PBXBuildFile section */
		752195B42A04F8C600F47BE7 /* AppDelegate.swift in Sources */ = {isa = PBXBuildFile; fileRef = 752195B32A04F8C600F47BE7 /* AppDelegate.swift */; };
		752195B62A04F8C600F47BE7 /* SceneDelegate.swift in Sources */ = {isa = PBXBuildFile; fileRef = 752195B52A04F8C600F47BE7 /* SceneDelegate.swift */; };
		752195B82A04F8C600F47BE7 /* ViewController.swift in Sources */ = {isa = PBXBuildFile; fileRef = 752195B72A04F8C600F47BE7 /* ViewController.swift */; };
		752195BD2A04F8C900F47BE7 /* Assets.xcassets in Resources */ = {isa = PBXBuildFile; fileRef = 752195BC2A04F8C900F47BE7 /* Assets.xcassets */; };
		752195C02A04F8C900F47BE7 /* LaunchScreen.storyboard in Resources */ = {isa = PBXBuildFile; fileRef = 752195BE2A04F8C900F47BE7 /* LaunchScreen.storyboard */; };
		752195C82A04FA2800F47BE7 /* QuickVerse in Frameworks */ = {isa = PBXBuildFile; productRef = 752195C72A04FA2800F47BE7 /* QuickVerse */; };
		755AF0802A002B5D0006233B /* SwiftUIExampleApp.swift in Sources */ = {isa = PBXBuildFile; fileRef = 755AF07F2A002B5D0006233B /* SwiftUIExampleApp.swift */; };
		755AF0822A002B5D0006233B /* ContentView.swift in Sources */ = {isa = PBXBuildFile; fileRef = 755AF0812A002B5D0006233B /* ContentView.swift */; };
		755AF0842A002B5F0006233B /* Assets.xcassets in Resources */ = {isa = PBXBuildFile; fileRef = 755AF0832A002B5F0006233B /* Assets.xcassets */; };
		755AF0872A002B5F0006233B /* Preview Assets.xcassets in Resources */ = {isa = PBXBuildFile; fileRef = 755AF0862A002B5F0006233B /* Preview Assets.xcassets */; };
		755AF08F2A002B780006233B /* QuickVerse in Frameworks */ = {isa = PBXBuildFile; productRef = 755AF08E2A002B780006233B /* QuickVerse */; };
		75A155062A0529ED00F72AFD /* Fonts.swift in Sources */ = {isa = PBXBuildFile; fileRef = 75A155052A0529ED00F72AFD /* Fonts.swift */; };
		75A155072A0529ED00F72AFD /* Fonts.swift in Sources */ = {isa = PBXBuildFile; fileRef = 75A155052A0529ED00F72AFD /* Fonts.swift */; };
		75D19C762A051FD3005B7A58 /* QVKey.swift in Sources */ = {isa = PBXBuildFile; fileRef = 75D19C752A051FD3005B7A58 /* QVKey.swift */; };
		75D19C782A0525D7005B7A58 /* QVKey.swift in Sources */ = {isa = PBXBuildFile; fileRef = 75D19C752A051FD3005B7A58 /* QVKey.swift */; };
		75D19C7F2A052808005B7A58 /* Lexend-Regular.ttf in Resources */ = {isa = PBXBuildFile; fileRef = 75D19C7B2A052808005B7A58 /* Lexend-Regular.ttf */; };
		75D19C802A052808005B7A58 /* Lexend-Regular.ttf in Resources */ = {isa = PBXBuildFile; fileRef = 75D19C7B2A052808005B7A58 /* Lexend-Regular.ttf */; };
		75D19C812A052808005B7A58 /* Lexend-Medium.ttf in Resources */ = {isa = PBXBuildFile; fileRef = 75D19C7C2A052808005B7A58 /* Lexend-Medium.ttf */; };
		75D19C822A052808005B7A58 /* Lexend-Medium.ttf in Resources */ = {isa = PBXBuildFile; fileRef = 75D19C7C2A052808005B7A58 /* Lexend-Medium.ttf */; };
		75D19C832A052808005B7A58 /* Lexend-Light.ttf in Resources */ = {isa = PBXBuildFile; fileRef = 75D19C7D2A052808005B7A58 /* Lexend-Light.ttf */; };
		75D19C842A052808005B7A58 /* Lexend-Light.ttf in Resources */ = {isa = PBXBuildFile; fileRef = 75D19C7D2A052808005B7A58 /* Lexend-Light.ttf */; };
		75D19C852A052808005B7A58 /* Lexend-SemiBold.ttf in Resources */ = {isa = PBXBuildFile; fileRef = 75D19C7E2A052808005B7A58 /* Lexend-SemiBold.ttf */; };
		75D19C862A052808005B7A58 /* Lexend-SemiBold.ttf in Resources */ = {isa = PBXBuildFile; fileRef = 75D19C7E2A052808005B7A58 /* Lexend-SemiBold.ttf */; };
		75E5AAE72A067EC8005AD7ED /* ContentViewModel.swift in Sources */ = {isa = PBXBuildFile; fileRef = 75E5AAE62A067EC8005AD7ED /* ContentViewModel.swift */; };
		75E5AAEA2A06ABCD005AD7ED /* Brand.swift in Sources */ = {isa = PBXBuildFile; fileRef = 75E5AAE92A06ABCD005AD7ED /* Brand.swift */; };
		75E5AAEE2A06B28A005AD7ED /* Brand.swift in Sources */ = {isa = PBXBuildFile; fileRef = 75E5AAE92A06ABCD005AD7ED /* Brand.swift */; };
		75E5AAF22A06C206005AD7ED /* FilledButton.swift in Sources */ = {isa = PBXBuildFile; fileRef = 75E5AAF12A06C206005AD7ED /* FilledButton.swift */; };
/* End PBXBuildFile section */

/* Begin PBXFileReference section */
		751172CF2A0041DD00F1803A /* Info.plist */ = {isa = PBXFileReference; lastKnownFileType = text.plist.xml; path = Info.plist; sourceTree = "<group>"; };
		752195B12A04F8C600F47BE7 /* UIKit-Example.app */ = {isa = PBXFileReference; explicitFileType = wrapper.application; includeInIndex = 0; path = "UIKit-Example.app"; sourceTree = BUILT_PRODUCTS_DIR; };
		752195B32A04F8C600F47BE7 /* AppDelegate.swift */ = {isa = PBXFileReference; lastKnownFileType = sourcecode.swift; path = AppDelegate.swift; sourceTree = "<group>"; };
		752195B52A04F8C600F47BE7 /* SceneDelegate.swift */ = {isa = PBXFileReference; lastKnownFileType = sourcecode.swift; path = SceneDelegate.swift; sourceTree = "<group>"; };
		752195B72A04F8C600F47BE7 /* ViewController.swift */ = {isa = PBXFileReference; lastKnownFileType = sourcecode.swift; path = ViewController.swift; sourceTree = "<group>"; };
		752195BC2A04F8C900F47BE7 /* Assets.xcassets */ = {isa = PBXFileReference; lastKnownFileType = folder.assetcatalog; path = Assets.xcassets; sourceTree = "<group>"; };
		752195BF2A04F8C900F47BE7 /* Base */ = {isa = PBXFileReference; lastKnownFileType = file.storyboard; name = Base; path = Base.lproj/LaunchScreen.storyboard; sourceTree = "<group>"; };
		752195C12A04F8C900F47BE7 /* Info.plist */ = {isa = PBXFileReference; lastKnownFileType = text.plist.xml; path = Info.plist; sourceTree = "<group>"; };
		755AF07C2A002B5D0006233B /* SwiftUI-Example.app */ = {isa = PBXFileReference; explicitFileType = wrapper.application; includeInIndex = 0; path = "SwiftUI-Example.app"; sourceTree = BUILT_PRODUCTS_DIR; };
		755AF07F2A002B5D0006233B /* SwiftUIExampleApp.swift */ = {isa = PBXFileReference; lastKnownFileType = sourcecode.swift; path = SwiftUIExampleApp.swift; sourceTree = "<group>"; };
		755AF0812A002B5D0006233B /* ContentView.swift */ = {isa = PBXFileReference; lastKnownFileType = sourcecode.swift; path = ContentView.swift; sourceTree = "<group>"; };
		755AF0832A002B5F0006233B /* Assets.xcassets */ = {isa = PBXFileReference; lastKnownFileType = folder.assetcatalog; path = Assets.xcassets; sourceTree = "<group>"; };
		755AF0862A002B5F0006233B /* Preview Assets.xcassets */ = {isa = PBXFileReference; lastKnownFileType = folder.assetcatalog; path = "Preview Assets.xcassets"; sourceTree = "<group>"; };
		75A155052A0529ED00F72AFD /* Fonts.swift */ = {isa = PBXFileReference; lastKnownFileType = sourcecode.swift; path = Fonts.swift; sourceTree = "<group>"; };
		75D19C752A051FD3005B7A58 /* QVKey.swift */ = {isa = PBXFileReference; lastKnownFileType = sourcecode.swift; path = QVKey.swift; sourceTree = "<group>"; };
		75D19C7B2A052808005B7A58 /* Lexend-Regular.ttf */ = {isa = PBXFileReference; lastKnownFileType = file; path = "Lexend-Regular.ttf"; sourceTree = "<group>"; };
		75D19C7C2A052808005B7A58 /* Lexend-Medium.ttf */ = {isa = PBXFileReference; lastKnownFileType = file; path = "Lexend-Medium.ttf"; sourceTree = "<group>"; };
		75D19C7D2A052808005B7A58 /* Lexend-Light.ttf */ = {isa = PBXFileReference; lastKnownFileType = file; path = "Lexend-Light.ttf"; sourceTree = "<group>"; };
		75D19C7E2A052808005B7A58 /* Lexend-SemiBold.ttf */ = {isa = PBXFileReference; lastKnownFileType = file; path = "Lexend-SemiBold.ttf"; sourceTree = "<group>"; };
		75E5AAE62A067EC8005AD7ED /* ContentViewModel.swift */ = {isa = PBXFileReference; lastKnownFileType = sourcecode.swift; path = ContentViewModel.swift; sourceTree = "<group>"; };
		75E5AAE92A06ABCD005AD7ED /* Brand.swift */ = {isa = PBXFileReference; lastKnownFileType = sourcecode.swift; path = Brand.swift; sourceTree = "<group>"; };
		75E5AAF12A06C206005AD7ED /* FilledButton.swift */ = {isa = PBXFileReference; lastKnownFileType = sourcecode.swift; path = FilledButton.swift; sourceTree = "<group>"; };
/* End PBXFileReference section */

/* Begin PBXFrameworksBuildPhase section */
		752195AE2A04F8C600F47BE7 /* Frameworks */ = {
			isa = PBXFrameworksBuildPhase;
			buildActionMask = 2147483647;
			files = (
				752195C82A04FA2800F47BE7 /* QuickVerse in Frameworks */,
			);
			runOnlyForDeploymentPostprocessing = 0;
		};
		755AF0792A002B5D0006233B /* Frameworks */ = {
			isa = PBXFrameworksBuildPhase;
			buildActionMask = 2147483647;
			files = (
				755AF08F2A002B780006233B /* QuickVerse in Frameworks */,
			);
			runOnlyForDeploymentPostprocessing = 0;
		};
/* End PBXFrameworksBuildPhase section */

/* Begin PBXGroup section */
		752195B22A04F8C600F47BE7 /* UIKit-Example */ = {
			isa = PBXGroup;
			children = (
				752195B32A04F8C600F47BE7 /* AppDelegate.swift */,
				752195B52A04F8C600F47BE7 /* SceneDelegate.swift */,
				752195B72A04F8C600F47BE7 /* ViewController.swift */,
				752195BC2A04F8C900F47BE7 /* Assets.xcassets */,
				752195C12A04F8C900F47BE7 /* Info.plist */,
				752195BE2A04F8C900F47BE7 /* LaunchScreen.storyboard */,
			);
			path = "UIKit-Example";
			sourceTree = "<group>";
		};
		752195C62A04FA2800F47BE7 /* Frameworks */ = {
			isa = PBXGroup;
			children = (
			);
			name = Frameworks;
			sourceTree = "<group>";
		};
		755AF0732A002B5D0006233B = {
			isa = PBXGroup;
			children = (
				75D19C792A0526CB005B7A58 /* Shared */,
				752195B22A04F8C600F47BE7 /* UIKit-Example */,
				755AF07E2A002B5D0006233B /* SwiftUI-Example */,
				755AF07D2A002B5D0006233B /* Products */,
				752195C62A04FA2800F47BE7 /* Frameworks */,
			);
			sourceTree = "<group>";
		};
		755AF07D2A002B5D0006233B /* Products */ = {
			isa = PBXGroup;
			children = (
				755AF07C2A002B5D0006233B /* SwiftUI-Example.app */,
				752195B12A04F8C600F47BE7 /* UIKit-Example.app */,
			);
			name = Products;
			sourceTree = "<group>";
		};
		755AF07E2A002B5D0006233B /* SwiftUI-Example */ = {
			isa = PBXGroup;
			children = (
				755AF07F2A002B5D0006233B /* SwiftUIExampleApp.swift */,
				755AF0812A002B5D0006233B /* ContentView.swift */,
				75E5AAE62A067EC8005AD7ED /* ContentViewModel.swift */,
				75E5AAF02A06C1EF005AD7ED /* Components */,
				755AF0832A002B5F0006233B /* Assets.xcassets */,
				751172CF2A0041DD00F1803A /* Info.plist */,
				755AF0852A002B5F0006233B /* Preview Content */,
			);
			path = "SwiftUI-Example";
			sourceTree = "<group>";
		};
		755AF0852A002B5F0006233B /* Preview Content */ = {
			isa = PBXGroup;
			children = (
				755AF0862A002B5F0006233B /* Preview Assets.xcassets */,
			);
			path = "Preview Content";
			sourceTree = "<group>";
		};
		75D19C792A0526CB005B7A58 /* Shared */ = {
			isa = PBXGroup;
			children = (
				75D19C752A051FD3005B7A58 /* QVKey.swift */,
				75D19C7A2A0526D0005B7A58 /* Fonts */,
				75E5AAE92A06ABCD005AD7ED /* Brand.swift */,
			);
			path = Shared;
			sourceTree = "<group>";
		};
		75D19C7A2A0526D0005B7A58 /* Fonts */ = {
			isa = PBXGroup;
			children = (
				75D19C7D2A052808005B7A58 /* Lexend-Light.ttf */,
				75D19C7C2A052808005B7A58 /* Lexend-Medium.ttf */,
				75D19C7B2A052808005B7A58 /* Lexend-Regular.ttf */,
				75D19C7E2A052808005B7A58 /* Lexend-SemiBold.ttf */,
				75A155052A0529ED00F72AFD /* Fonts.swift */,
			);
			path = Fonts;
			sourceTree = "<group>";
		};
		75E5AAF02A06C1EF005AD7ED /* Components */ = {
			isa = PBXGroup;
			children = (
				75E5AAF12A06C206005AD7ED /* FilledButton.swift */,
			);
			path = Components;
			sourceTree = "<group>";
		};
/* End PBXGroup section */

/* Begin PBXNativeTarget section */
		752195B02A04F8C600F47BE7 /* UIKit-Example */ = {
			isa = PBXNativeTarget;
			buildConfigurationList = 752195C42A04F8C900F47BE7 /* Build configuration list for PBXNativeTarget "UIKit-Example" */;
			buildPhases = (
				752195AD2A04F8C600F47BE7 /* Sources */,
				752195AE2A04F8C600F47BE7 /* Frameworks */,
				752195AF2A04F8C600F47BE7 /* Resources */,
			);
			buildRules = (
			);
			dependencies = (
			);
			name = "UIKit-Example";
			packageProductDependencies = (
				752195C72A04FA2800F47BE7 /* QuickVerse */,
			);
			productName = "UIKit-Example";
			productReference = 752195B12A04F8C600F47BE7 /* UIKit-Example.app */;
			productType = "com.apple.product-type.application";
		};
		755AF07B2A002B5D0006233B /* SwiftUI-Example */ = {
			isa = PBXNativeTarget;
			buildConfigurationList = 755AF08A2A002B5F0006233B /* Build configuration list for PBXNativeTarget "SwiftUI-Example" */;
			buildPhases = (
				755AF0782A002B5D0006233B /* Sources */,
				755AF0792A002B5D0006233B /* Frameworks */,
				755AF07A2A002B5D0006233B /* Resources */,
			);
			buildRules = (
			);
			dependencies = (
			);
			name = "SwiftUI-Example";
			packageProductDependencies = (
				755AF08E2A002B780006233B /* QuickVerse */,
			);
			productName = "SwiftUI-Example";
			productReference = 755AF07C2A002B5D0006233B /* SwiftUI-Example.app */;
			productType = "com.apple.product-type.application";
		};
/* End PBXNativeTarget section */

/* Begin PBXProject section */
		755AF0742A002B5D0006233B /* Project object */ = {
			isa = PBXProject;
			attributes = {
				BuildIndependentTargetsInParallel = 1;
				LastSwiftUpdateCheck = 1420;
				LastUpgradeCheck = 1420;
				TargetAttributes = {
					752195B02A04F8C600F47BE7 = {
						CreatedOnToolsVersion = 14.2;
					};
					755AF07B2A002B5D0006233B = {
						CreatedOnToolsVersion = 14.2;
					};
				};
			};
			buildConfigurationList = 755AF0772A002B5D0006233B /* Build configuration list for PBXProject "Examples" */;
			compatibilityVersion = "Xcode 14.0";
			developmentRegion = en;
			hasScannedForEncodings = 0;
			knownRegions = (
				en,
				Base,
			);
			mainGroup = 755AF0732A002B5D0006233B;
			packageReferences = (
				755AF08D2A002B780006233B /* XCRemoteSwiftPackageReference "quickverse-ios-sdk" */,
			);
			productRefGroup = 755AF07D2A002B5D0006233B /* Products */;
			projectDirPath = "";
			projectRoot = "";
			targets = (
				752195B02A04F8C600F47BE7 /* UIKit-Example */,
				755AF07B2A002B5D0006233B /* SwiftUI-Example */,
			);
		};
/* End PBXProject section */

/* Begin PBXResourcesBuildPhase section */
		752195AF2A04F8C600F47BE7 /* Resources */ = {
			isa = PBXResourcesBuildPhase;
			buildActionMask = 2147483647;
			files = (
				75D19C7F2A052808005B7A58 /* Lexend-Regular.ttf in Resources */,
				75D19C852A052808005B7A58 /* Lexend-SemiBold.ttf in Resources */,
				752195C02A04F8C900F47BE7 /* LaunchScreen.storyboard in Resources */,
				752195BD2A04F8C900F47BE7 /* Assets.xcassets in Resources */,
				75D19C812A052808005B7A58 /* Lexend-Medium.ttf in Resources */,
				75D19C832A052808005B7A58 /* Lexend-Light.ttf in Resources */,
			);
			runOnlyForDeploymentPostprocessing = 0;
		};
		755AF07A2A002B5D0006233B /* Resources */ = {
			isa = PBXResourcesBuildPhase;
			buildActionMask = 2147483647;
			files = (
				75D19C802A052808005B7A58 /* Lexend-Regular.ttf in Resources */,
				75D19C862A052808005B7A58 /* Lexend-SemiBold.ttf in Resources */,
				755AF0872A002B5F0006233B /* Preview Assets.xcassets in Resources */,
				755AF0842A002B5F0006233B /* Assets.xcassets in Resources */,
				75D19C822A052808005B7A58 /* Lexend-Medium.ttf in Resources */,
				75D19C842A052808005B7A58 /* Lexend-Light.ttf in Resources */,
			);
			runOnlyForDeploymentPostprocessing = 0;
		};
/* End PBXResourcesBuildPhase section */

/* Begin PBXSourcesBuildPhase section */
		752195AD2A04F8C600F47BE7 /* Sources */ = {
			isa = PBXSourcesBuildPhase;
			buildActionMask = 2147483647;
			files = (
				752195B82A04F8C600F47BE7 /* ViewController.swift in Sources */,
				75A155062A0529ED00F72AFD /* Fonts.swift in Sources */,
				75D19C762A051FD3005B7A58 /* QVKey.swift in Sources */,
				75E5AAEE2A06B28A005AD7ED /* Brand.swift in Sources */,
				752195B42A04F8C600F47BE7 /* AppDelegate.swift in Sources */,
				752195B62A04F8C600F47BE7 /* SceneDelegate.swift in Sources */,
			);
			runOnlyForDeploymentPostprocessing = 0;
		};
		755AF0782A002B5D0006233B /* Sources */ = {
			isa = PBXSourcesBuildPhase;
			buildActionMask = 2147483647;
			files = (
				75A155072A0529ED00F72AFD /* Fonts.swift in Sources */,
				75E5AAE72A067EC8005AD7ED /* ContentViewModel.swift in Sources */,
				755AF0822A002B5D0006233B /* ContentView.swift in Sources */,
				75E5AAF22A06C206005AD7ED /* FilledButton.swift in Sources */,
				75E5AAEA2A06ABCD005AD7ED /* Brand.swift in Sources */,
				755AF0802A002B5D0006233B /* SwiftUIExampleApp.swift in Sources */,
				75D19C782A0525D7005B7A58 /* QVKey.swift in Sources */,
			);
			runOnlyForDeploymentPostprocessing = 0;
		};
/* End PBXSourcesBuildPhase section */

/* Begin PBXVariantGroup section */
		752195BE2A04F8C900F47BE7 /* LaunchScreen.storyboard */ = {
			isa = PBXVariantGroup;
			children = (
				752195BF2A04F8C900F47BE7 /* Base */,
			);
			name = LaunchScreen.storyboard;
			sourceTree = "<group>";
		};
/* End PBXVariantGroup section */

/* Begin XCBuildConfiguration section */
		752195C22A04F8C900F47BE7 /* Debug */ = {
			isa = XCBuildConfiguration;
			buildSettings = {
				ASSETCATALOG_COMPILER_APPICON_NAME = AppIcon;
				ASSETCATALOG_COMPILER_GLOBAL_ACCENT_COLOR_NAME = AccentColor;
				CODE_SIGN_STYLE = Automatic;
				CURRENT_PROJECT_VERSION = 1;
				GENERATE_INFOPLIST_FILE = YES;
				INFOPLIST_FILE = "UIKit-Example/Info.plist";
				INFOPLIST_KEY_UIApplicationSupportsIndirectInputEvents = YES;
				INFOPLIST_KEY_UILaunchStoryboardName = LaunchScreen;
				INFOPLIST_KEY_UISupportedInterfaceOrientations_iPad = "UIInterfaceOrientationPortrait UIInterfaceOrientationPortraitUpsideDown UIInterfaceOrientationLandscapeLeft UIInterfaceOrientationLandscapeRight";
				INFOPLIST_KEY_UISupportedInterfaceOrientations_iPhone = "UIInterfaceOrientationPortrait UIInterfaceOrientationLandscapeLeft UIInterfaceOrientationLandscapeRight";
				LD_RUNPATH_SEARCH_PATHS = (
					"$(inherited)",
					"@executable_path/Frameworks",
				);
				MARKETING_VERSION = 1.0.0;
				PRODUCT_BUNDLE_IDENTIFIER = "com.quickverse.ios-example";
				PRODUCT_NAME = "$(TARGET_NAME)";
				SWIFT_EMIT_LOC_STRINGS = YES;
				SWIFT_VERSION = 5.0;
				TARGETED_DEVICE_FAMILY = "1,2";
			};
			name = Debug;
		};
		752195C32A04F8C900F47BE7 /* Release */ = {
			isa = XCBuildConfiguration;
			buildSettings = {
				ASSETCATALOG_COMPILER_APPICON_NAME = AppIcon;
				ASSETCATALOG_COMPILER_GLOBAL_ACCENT_COLOR_NAME = AccentColor;
				CODE_SIGN_STYLE = Automatic;
				CURRENT_PROJECT_VERSION = 1;
				GENERATE_INFOPLIST_FILE = YES;
				INFOPLIST_FILE = "UIKit-Example/Info.plist";
				INFOPLIST_KEY_UIApplicationSupportsIndirectInputEvents = YES;
				INFOPLIST_KEY_UILaunchStoryboardName = LaunchScreen;
				INFOPLIST_KEY_UISupportedInterfaceOrientations_iPad = "UIInterfaceOrientationPortrait UIInterfaceOrientationPortraitUpsideDown UIInterfaceOrientationLandscapeLeft UIInterfaceOrientationLandscapeRight";
				INFOPLIST_KEY_UISupportedInterfaceOrientations_iPhone = "UIInterfaceOrientationPortrait UIInterfaceOrientationLandscapeLeft UIInterfaceOrientationLandscapeRight";
				LD_RUNPATH_SEARCH_PATHS = (
					"$(inherited)",
					"@executable_path/Frameworks",
				);
				MARKETING_VERSION = 1.0.0;
				PRODUCT_BUNDLE_IDENTIFIER = "com.quickverse.ios-example";
				PRODUCT_NAME = "$(TARGET_NAME)";
				SWIFT_EMIT_LOC_STRINGS = YES;
				SWIFT_VERSION = 5.0;
				TARGETED_DEVICE_FAMILY = "1,2";
			};
			name = Release;
		};
		755AF0882A002B5F0006233B /* Debug */ = {
			isa = XCBuildConfiguration;
			buildSettings = {
				ALWAYS_SEARCH_USER_PATHS = NO;
				CLANG_ANALYZER_NONNULL = YES;
				CLANG_ANALYZER_NUMBER_OBJECT_CONVERSION = YES_AGGRESSIVE;
				CLANG_CXX_LANGUAGE_STANDARD = "gnu++20";
				CLANG_ENABLE_MODULES = YES;
				CLANG_ENABLE_OBJC_ARC = YES;
				CLANG_ENABLE_OBJC_WEAK = YES;
				CLANG_WARN_BLOCK_CAPTURE_AUTORELEASING = YES;
				CLANG_WARN_BOOL_CONVERSION = YES;
				CLANG_WARN_COMMA = YES;
				CLANG_WARN_CONSTANT_CONVERSION = YES;
				CLANG_WARN_DEPRECATED_OBJC_IMPLEMENTATIONS = YES;
				CLANG_WARN_DIRECT_OBJC_ISA_USAGE = YES_ERROR;
				CLANG_WARN_DOCUMENTATION_COMMENTS = YES;
				CLANG_WARN_EMPTY_BODY = YES;
				CLANG_WARN_ENUM_CONVERSION = YES;
				CLANG_WARN_INFINITE_RECURSION = YES;
				CLANG_WARN_INT_CONVERSION = YES;
				CLANG_WARN_NON_LITERAL_NULL_CONVERSION = YES;
				CLANG_WARN_OBJC_IMPLICIT_RETAIN_SELF = YES;
				CLANG_WARN_OBJC_LITERAL_CONVERSION = YES;
				CLANG_WARN_OBJC_ROOT_CLASS = YES_ERROR;
				CLANG_WARN_QUOTED_INCLUDE_IN_FRAMEWORK_HEADER = YES;
				CLANG_WARN_RANGE_LOOP_ANALYSIS = YES;
				CLANG_WARN_STRICT_PROTOTYPES = YES;
				CLANG_WARN_SUSPICIOUS_MOVE = YES;
				CLANG_WARN_UNGUARDED_AVAILABILITY = YES_AGGRESSIVE;
				CLANG_WARN_UNREACHABLE_CODE = YES;
				CLANG_WARN__DUPLICATE_METHOD_MATCH = YES;
				COPY_PHASE_STRIP = NO;
				DEBUG_INFORMATION_FORMAT = dwarf;
				ENABLE_STRICT_OBJC_MSGSEND = YES;
				ENABLE_TESTABILITY = YES;
				GCC_C_LANGUAGE_STANDARD = gnu11;
				GCC_DYNAMIC_NO_PIC = NO;
				GCC_NO_COMMON_BLOCKS = YES;
				GCC_OPTIMIZATION_LEVEL = 0;
				GCC_PREPROCESSOR_DEFINITIONS = (
					"DEBUG=1",
					"$(inherited)",
				);
				GCC_WARN_64_TO_32_BIT_CONVERSION = YES;
				GCC_WARN_ABOUT_RETURN_TYPE = YES_ERROR;
				GCC_WARN_UNDECLARED_SELECTOR = YES;
				GCC_WARN_UNINITIALIZED_AUTOS = YES_AGGRESSIVE;
				GCC_WARN_UNUSED_FUNCTION = YES;
				GCC_WARN_UNUSED_VARIABLE = YES;
				IPHONEOS_DEPLOYMENT_TARGET = 16.2;
				MTL_ENABLE_DEBUG_INFO = INCLUDE_SOURCE;
				MTL_FAST_MATH = YES;
				ONLY_ACTIVE_ARCH = YES;
				SDKROOT = iphoneos;
				SWIFT_ACTIVE_COMPILATION_CONDITIONS = DEBUG;
				SWIFT_OPTIMIZATION_LEVEL = "-Onone";
			};
			name = Debug;
		};
		755AF0892A002B5F0006233B /* Release */ = {
			isa = XCBuildConfiguration;
			buildSettings = {
				ALWAYS_SEARCH_USER_PATHS = NO;
				CLANG_ANALYZER_NONNULL = YES;
				CLANG_ANALYZER_NUMBER_OBJECT_CONVERSION = YES_AGGRESSIVE;
				CLANG_CXX_LANGUAGE_STANDARD = "gnu++20";
				CLANG_ENABLE_MODULES = YES;
				CLANG_ENABLE_OBJC_ARC = YES;
				CLANG_ENABLE_OBJC_WEAK = YES;
				CLANG_WARN_BLOCK_CAPTURE_AUTORELEASING = YES;
				CLANG_WARN_BOOL_CONVERSION = YES;
				CLANG_WARN_COMMA = YES;
				CLANG_WARN_CONSTANT_CONVERSION = YES;
				CLANG_WARN_DEPRECATED_OBJC_IMPLEMENTATIONS = YES;
				CLANG_WARN_DIRECT_OBJC_ISA_USAGE = YES_ERROR;
				CLANG_WARN_DOCUMENTATION_COMMENTS = YES;
				CLANG_WARN_EMPTY_BODY = YES;
				CLANG_WARN_ENUM_CONVERSION = YES;
				CLANG_WARN_INFINITE_RECURSION = YES;
				CLANG_WARN_INT_CONVERSION = YES;
				CLANG_WARN_NON_LITERAL_NULL_CONVERSION = YES;
				CLANG_WARN_OBJC_IMPLICIT_RETAIN_SELF = YES;
				CLANG_WARN_OBJC_LITERAL_CONVERSION = YES;
				CLANG_WARN_OBJC_ROOT_CLASS = YES_ERROR;
				CLANG_WARN_QUOTED_INCLUDE_IN_FRAMEWORK_HEADER = YES;
				CLANG_WARN_RANGE_LOOP_ANALYSIS = YES;
				CLANG_WARN_STRICT_PROTOTYPES = YES;
				CLANG_WARN_SUSPICIOUS_MOVE = YES;
				CLANG_WARN_UNGUARDED_AVAILABILITY = YES_AGGRESSIVE;
				CLANG_WARN_UNREACHABLE_CODE = YES;
				CLANG_WARN__DUPLICATE_METHOD_MATCH = YES;
				COPY_PHASE_STRIP = NO;
				DEBUG_INFORMATION_FORMAT = "dwarf-with-dsym";
				ENABLE_NS_ASSERTIONS = NO;
				ENABLE_STRICT_OBJC_MSGSEND = YES;
				GCC_C_LANGUAGE_STANDARD = gnu11;
				GCC_NO_COMMON_BLOCKS = YES;
				GCC_WARN_64_TO_32_BIT_CONVERSION = YES;
				GCC_WARN_ABOUT_RETURN_TYPE = YES_ERROR;
				GCC_WARN_UNDECLARED_SELECTOR = YES;
				GCC_WARN_UNINITIALIZED_AUTOS = YES_AGGRESSIVE;
				GCC_WARN_UNUSED_FUNCTION = YES;
				GCC_WARN_UNUSED_VARIABLE = YES;
				IPHONEOS_DEPLOYMENT_TARGET = 16.2;
				MTL_ENABLE_DEBUG_INFO = NO;
				MTL_FAST_MATH = YES;
				SDKROOT = iphoneos;
				SWIFT_COMPILATION_MODE = wholemodule;
				SWIFT_OPTIMIZATION_LEVEL = "-O";
				VALIDATE_PRODUCT = YES;
			};
			name = Release;
		};
		755AF08B2A002B5F0006233B /* Debug */ = {
			isa = XCBuildConfiguration;
			buildSettings = {
				ASSETCATALOG_COMPILER_APPICON_NAME = AppIcon;
				ASSETCATALOG_COMPILER_GLOBAL_ACCENT_COLOR_NAME = AccentColor;
				CODE_SIGN_STYLE = Automatic;
				CURRENT_PROJECT_VERSION = 1;
				DEVELOPMENT_ASSET_PATHS = "\"SwiftUI-Example/Preview Content\"";
				DEVELOPMENT_TEAM = "";
				ENABLE_PREVIEWS = YES;
				GENERATE_INFOPLIST_FILE = YES;
				INFOPLIST_FILE = "SwiftUI-Example/Info.plist";
				INFOPLIST_KEY_UIApplicationSceneManifest_Generation = YES;
				INFOPLIST_KEY_UIApplicationSupportsIndirectInputEvents = YES;
				INFOPLIST_KEY_UILaunchScreen_Generation = YES;
				INFOPLIST_KEY_UISupportedInterfaceOrientations_iPad = "UIInterfaceOrientationPortrait UIInterfaceOrientationPortraitUpsideDown UIInterfaceOrientationLandscapeLeft UIInterfaceOrientationLandscapeRight";
				INFOPLIST_KEY_UISupportedInterfaceOrientations_iPhone = "UIInterfaceOrientationPortrait UIInterfaceOrientationLandscapeLeft UIInterfaceOrientationLandscapeRight";
				IPHONEOS_DEPLOYMENT_TARGET = 14.0;
				LD_RUNPATH_SEARCH_PATHS = (
					"$(inherited)",
					"@executable_path/Frameworks",
				);
				MARKETING_VERSION = 1.0.0;
				PRODUCT_BUNDLE_IDENTIFIER = "com.quickverse.ios-example";
				PRODUCT_NAME = "$(TARGET_NAME)";
				SWIFT_EMIT_LOC_STRINGS = YES;
				SWIFT_VERSION = 5.0;
				TARGETED_DEVICE_FAMILY = "1,2";
			};
			name = Debug;
		};
		755AF08C2A002B5F0006233B /* Release */ = {
			isa = XCBuildConfiguration;
			buildSettings = {
				ASSETCATALOG_COMPILER_APPICON_NAME = AppIcon;
				ASSETCATALOG_COMPILER_GLOBAL_ACCENT_COLOR_NAME = AccentColor;
				CODE_SIGN_STYLE = Automatic;
				CURRENT_PROJECT_VERSION = 1;
				DEVELOPMENT_ASSET_PATHS = "\"SwiftUI-Example/Preview Content\"";
				DEVELOPMENT_TEAM = "";
				ENABLE_PREVIEWS = YES;
				GENERATE_INFOPLIST_FILE = YES;
				INFOPLIST_FILE = "SwiftUI-Example/Info.plist";
				INFOPLIST_KEY_UIApplicationSceneManifest_Generation = YES;
				INFOPLIST_KEY_UIApplicationSupportsIndirectInputEvents = YES;
				INFOPLIST_KEY_UILaunchScreen_Generation = YES;
				INFOPLIST_KEY_UISupportedInterfaceOrientations_iPad = "UIInterfaceOrientationPortrait UIInterfaceOrientationPortraitUpsideDown UIInterfaceOrientationLandscapeLeft UIInterfaceOrientationLandscapeRight";
				INFOPLIST_KEY_UISupportedInterfaceOrientations_iPhone = "UIInterfaceOrientationPortrait UIInterfaceOrientationLandscapeLeft UIInterfaceOrientationLandscapeRight";
				IPHONEOS_DEPLOYMENT_TARGET = 14.0;
				LD_RUNPATH_SEARCH_PATHS = (
					"$(inherited)",
					"@executable_path/Frameworks",
				);
				MARKETING_VERSION = 1.0.0;
				PRODUCT_BUNDLE_IDENTIFIER = "com.quickverse.ios-example";
				PRODUCT_NAME = "$(TARGET_NAME)";
				SWIFT_EMIT_LOC_STRINGS = YES;
				SWIFT_VERSION = 5.0;
				TARGETED_DEVICE_FAMILY = "1,2";
			};
			name = Release;
		};
/* End XCBuildConfiguration section */

/* Begin XCConfigurationList section */
		752195C42A04F8C900F47BE7 /* Build configuration list for PBXNativeTarget "UIKit-Example" */ = {
			isa = XCConfigurationList;
			buildConfigurations = (
				752195C22A04F8C900F47BE7 /* Debug */,
				752195C32A04F8C900F47BE7 /* Release */,
			);
			defaultConfigurationIsVisible = 0;
			defaultConfigurationName = Release;
		};
		755AF0772A002B5D0006233B /* Build configuration list for PBXProject "Examples" */ = {
			isa = XCConfigurationList;
			buildConfigurations = (
				755AF0882A002B5F0006233B /* Debug */,
				755AF0892A002B5F0006233B /* Release */,
			);
			defaultConfigurationIsVisible = 0;
			defaultConfigurationName = Release;
		};
		755AF08A2A002B5F0006233B /* Build configuration list for PBXNativeTarget "SwiftUI-Example" */ = {
			isa = XCConfigurationList;
			buildConfigurations = (
				755AF08B2A002B5F0006233B /* Debug */,
				755AF08C2A002B5F0006233B /* Release */,
			);
			defaultConfigurationIsVisible = 0;
			defaultConfigurationName = Release;
		};
/* End XCConfigurationList section */

/* Begin XCRemoteSwiftPackageReference section */
		755AF08D2A002B780006233B /* XCRemoteSwiftPackageReference "quickverse-ios-sdk" */ = {
			isa = XCRemoteSwiftPackageReference;
			repositoryURL = "git@github.com:QuickVerse/quickverse-ios-sdk.git";
			requirement = {
				branch = main;
				kind = branch;
			};
		};
/* End XCRemoteSwiftPackageReference section */

/* Begin XCSwiftPackageProductDependency section */
		752195C72A04FA2800F47BE7 /* QuickVerse */ = {
			isa = XCSwiftPackageProductDependency;
			package = 755AF08D2A002B780006233B /* XCRemoteSwiftPackageReference "quickverse-ios-sdk" */;
			productName = QuickVerse;
		};
		755AF08E2A002B780006233B /* QuickVerse */ = {
			isa = XCSwiftPackageProductDependency;
			package = 755AF08D2A002B780006233B /* XCRemoteSwiftPackageReference "quickverse-ios-sdk" */;
			productName = QuickVerse;
		};
/* End XCSwiftPackageProductDependency section */
	};
	rootObject = 755AF0742A002B5D0006233B /* Project object */;
}
