{
  "pins" : [
    {
      "identity" : "quickverse-ios-sdk",
      "kind" : "remoteSourceControl",
      "location" : "git@github.com:QuickVerse/quickverse-ios-sdk.git",
      "state" : {
        "branch" : "main",
        "revision" : "abced583ec177abd85ebcca3306ed394af102fae"
      }
    }
  ],
  "version" : 2
}
