{
  "pins" : [
    {
      "identity" : "quickverse-ios-sdk",
      "kind" : "remoteSourceControl",
      "location" : "git@github.com:QuickVerse/quickverse-ios-sdk.git",
      "state" : {
        "branch" : "main",
        "revision" : "e42cbe1d42c733b1c25af93045b4ad3a3b9af034"
      }
    }
  ],
  "version" : 2
}
