{
  "pins" : [
    {
      "identity" : "quickverse-ios-sdk",
      "kind" : "remoteSourceControl",
      "location" : "git@github.com:QuickVerse/quickverse-ios-sdk.git",
      "state" : {
        "branch" : "main",
        "revision" : "e310427bab4ceb12e375a6dfb161ba88084faa52"
      }
    }
  ],
  "version" : 2
}
